{
  "requires": true,
  "lockfileVersion": 1,
  "dependencies": {
    "dbf": {
      "version": "0.1.4",
      "resolved": "https://registry.npmjs.org/dbf/-/dbf-0.1.4.tgz",
      "integrity": "sha1-Fi8Nj9HbN8l2RYrG/m9VtIxy9GY=",
      "requires": {
        "jdataview": "~2.5.0"
      }
    },
    "jdataview": {
      "version": "2.5.0",
      "resolved": "https://registry.npmjs.org/jdataview/-/jdataview-2.5.0.tgz",
      "integrity": "sha1-MIGz/qZR+TF+xr1P6y3cmKpB1ZU="
    }
  }
}
